
Microsoft Visual Studio Solution File, Format Version 12.00
Project("{FAE04EC0-301F-11D3-BF4B-00C04F79EFBC}") = "GitHubDemoAPI", "GitHubDemoAPI\GitHubDemoAPI.csproj", "{3E0C20A4-D258-4266-A22B-F40A2F5354C7}"
EndProject
Project("{FAE04EC0-301F-11D3-BF4B-00C04F79EFBC}") = "GitHubDemoAPITest", "GitHubDemoAPITest\GitHubDemoAPITest.csproj", "{2D9DA281-6F4F-402A-93CA-CAA3051D74E7}"
EndProject
Global
	GlobalSection(SolutionConfigurationPlatforms) = preSolution
		Debug|Any CPU = Debug|Any CPU
		Release|Any CPU = Release|Any CPU
	EndGlobalSection
	GlobalSection(ProjectConfigurationPlatforms) = postSolution
		{3E0C20A4-D258-4266-A22B-F40A2F5354C7}.Debug|Any CPU.ActiveCfg = Debug|Any CPU
		{3E0C20A4-D258-4266-A22B-F40A2F5354C7}.Debug|Any CPU.Build.0 = Debug|Any CPU
		{3E0C20A4-D258-4266-A22B-F40A2F5354C7}.Release|Any CPU.ActiveCfg = Release|Any CPU
		{3E0C20A4-D258-4266-A22B-F40A2F5354C7}.Release|Any CPU.Build.0 = Release|Any CPU
		{2D9DA281-6F4F-402A-93CA-CAA3051D74E7}.Debug|Any CPU.ActiveCfg = Debug|Any CPU
		{2D9DA281-6F4F-402A-93CA-CAA3051D74E7}.Debug|Any CPU.Build.0 = Debug|Any CPU
		{2D9DA281-6F4F-402A-93CA-CAA3051D74E7}.Release|Any CPU.ActiveCfg = Release|Any CPU
		{2D9DA281-6F4F-402A-93CA-CAA3051D74E7}.Release|Any CPU.Build.0 = Release|Any CPU
	EndGlobalSection
EndGlobal
